
Microsoft Visual Studio Solution File, Format Version 9.00
# Visual Studio 2005
Project("{FAE04EC0-301F-11D3-BF4B-00C04F79EFBC}") = "INIFileParser", "INIFileParser\INIFileParser.csproj", "{5E46DCF4-C473-4171-9F9B-F3910B5EC407}"
EndProject
Project("{FAE04EC0-301F-11D3-BF4B-00C04F79EFBC}") = "IniFileParserTests", "IniFileParserTests\IniFileParserTests.csproj", "{553AD4A0-946C-436D-8135-5ADBA97D246E}"
EndProject
Global
	GlobalSection(SolutionConfigurationPlatforms) = preSolution
		Debug|Any CPU = Debug|Any CPU
		Release|Any CPU = Release|Any CPU
	EndGlobalSection
	GlobalSection(ProjectConfigurationPlatforms) = postSolution
		{5E46DCF4-C473-4171-9F9B-F3910B5EC407}.Debug|Any CPU.ActiveCfg = Debug|Any CPU
		{5E46DCF4-C473-4171-9F9B-F3910B5EC407}.Debug|Any CPU.Build.0 = Debug|Any CPU
		{5E46DCF4-C473-4171-9F9B-F3910B5EC407}.Release|Any CPU.ActiveCfg = Release|Any CPU
		{5E46DCF4-C473-4171-9F9B-F3910B5EC407}.Release|Any CPU.Build.0 = Release|Any CPU
		{553AD4A0-946C-436D-8135-5ADBA97D246E}.Debug|Any CPU.ActiveCfg = Debug|Any CPU
		{553AD4A0-946C-436D-8135-5ADBA97D246E}.Debug|Any CPU.Build.0 = Debug|Any CPU
		{553AD4A0-946C-436D-8135-5ADBA97D246E}.Release|Any CPU.ActiveCfg = Release|Any CPU
		{553AD4A0-946C-436D-8135-5ADBA97D246E}.Release|Any CPU.Build.0 = Release|Any CPU
	EndGlobalSection
	GlobalSection(SolutionProperties) = preSolution
		HideSolutionNode = FALSE
	EndGlobalSection
EndGlobal
